
Microsoft Visual Studio Solution File, Format Version 12.00
# Visual Studio Version 17
VisualStudioVersion = 17.4.33213.308
MinimumVisualStudioVersion = 10.0.40219.1
Project("{FAE04EC0-301F-11D3-BF4B-00C04F79EFBC}") = "ClinicServiceHomework10", "ClinicServiceHomework10\ClinicServiceHomework10.csproj", "{0A2D1EFF-8211-4819-8115-BB7C25339821}"
EndProject
Global
	GlobalSection(SolutionConfigurationPlatforms) = preSolution
		Debug|Any CPU = Debug|Any CPU
		Release|Any CPU = Release|Any CPU
	EndGlobalSection
	GlobalSection(ProjectConfigurationPlatforms) = postSolution
		{0A2D1EFF-8211-4819-8115-BB7C25339821}.Debug|Any CPU.ActiveCfg = Debug|Any CPU
		{0A2D1EFF-8211-4819-8115-BB7C25339821}.Debug|Any CPU.Build.0 = Debug|Any CPU
		{0A2D1EFF-8211-4819-8115-BB7C25339821}.Release|Any CPU.ActiveCfg = Release|Any CPU
		{0A2D1EFF-8211-4819-8115-BB7C25339821}.Release|Any CPU.Build.0 = Release|Any CPU
	EndGlobalSection
	GlobalSection(SolutionProperties) = preSolution
		HideSolutionNode = FALSE
	EndGlobalSection
	GlobalSection(ExtensibilityGlobals) = postSolution
		SolutionGuid = {6CCD82ED-95AA-4A74-9414-6840B4BAB8F8}
	EndGlobalSection
EndGlobal
